
Microsoft Visual Studio Solution File, Format Version 9.00
# Visual Studio 2005
Project("{FAE04EC0-301F-11D3-BF4B-00C04F79EFBC}") = "WinTest", "WinTest\WinTest.csproj", "{23F0AA68-3934-4641-B719-F6DEED4E6C34}"
EndProject
Project("{FAE04EC0-301F-11D3-BF4B-00C04F79EFBC}") = "MojhyEngine", "MojhyEngine\MojhyEngine.csproj", "{1657A77C-85C8-497A-B616-21123D544E44}"
EndProject
Global
	GlobalSection(SolutionConfigurationPlatforms) = preSolution
		Debug|.NET = Debug|.NET
		Debug|Any CPU = Debug|Any CPU
		Debug|Mixed Platforms = Debug|Mixed Platforms
		Release|.NET = Release|.NET
		Release|Any CPU = Release|Any CPU
		Release|Mixed Platforms = Release|Mixed Platforms
	EndGlobalSection
	GlobalSection(ProjectConfigurationPlatforms) = postSolution
		{23F0AA68-3934-4641-B719-F6DEED4E6C34}.Debug|.NET.ActiveCfg = Debug|Any CPU
		{23F0AA68-3934-4641-B719-F6DEED4E6C34}.Debug|Any CPU.ActiveCfg = Debug|Any CPU
		{23F0AA68-3934-4641-B719-F6DEED4E6C34}.Debug|Any CPU.Build.0 = Debug|Any CPU
		{23F0AA68-3934-4641-B719-F6DEED4E6C34}.Debug|Mixed Platforms.ActiveCfg = Debug|Any CPU
		{23F0AA68-3934-4641-B719-F6DEED4E6C34}.Debug|Mixed Platforms.Build.0 = Debug|Any CPU
		{23F0AA68-3934-4641-B719-F6DEED4E6C34}.Release|.NET.ActiveCfg = Release|Any CPU
		{23F0AA68-3934-4641-B719-F6DEED4E6C34}.Release|Any CPU.ActiveCfg = Release|Any CPU
		{23F0AA68-3934-4641-B719-F6DEED4E6C34}.Release|Any CPU.Build.0 = Release|Any CPU
		{23F0AA68-3934-4641-B719-F6DEED4E6C34}.Release|Mixed Platforms.ActiveCfg = Release|Any CPU
		{23F0AA68-3934-4641-B719-F6DEED4E6C34}.Release|Mixed Platforms.Build.0 = Release|Any CPU
		{1657A77C-85C8-497A-B616-21123D544E44}.Debug|.NET.ActiveCfg = Debug|Any CPU
		{1657A77C-85C8-497A-B616-21123D544E44}.Debug|Any CPU.ActiveCfg = Debug|Any CPU
		{1657A77C-85C8-497A-B616-21123D544E44}.Debug|Any CPU.Build.0 = Debug|Any CPU
		{1657A77C-85C8-497A-B616-21123D544E44}.Debug|Mixed Platforms.ActiveCfg = Debug|Any CPU
		{1657A77C-85C8-497A-B616-21123D544E44}.Debug|Mixed Platforms.Build.0 = Debug|Any CPU
		{1657A77C-85C8-497A-B616-21123D544E44}.Release|.NET.ActiveCfg = Release|Any CPU
		{1657A77C-85C8-497A-B616-21123D544E44}.Release|Any CPU.ActiveCfg = Release|Any CPU
		{1657A77C-85C8-497A-B616-21123D544E44}.Release|Any CPU.Build.0 = Release|Any CPU
		{1657A77C-85C8-497A-B616-21123D544E44}.Release|Mixed Platforms.ActiveCfg = Release|Any CPU
		{1657A77C-85C8-497A-B616-21123D544E44}.Release|Mixed Platforms.Build.0 = Release|Any CPU
	EndGlobalSection
	GlobalSection(SolutionProperties) = preSolution
		HideSolutionNode = FALSE
	EndGlobalSection
EndGlobal
