
Microsoft Visual Studio Solution File, Format Version 9.00
# Visual Studio 2005
Project("{E24C65DC-7377-472B-9ABA-BC803B73C61A}") = ".\Mojhy\", "{148F3ACD-A860-4F84-8E21-A334F982630B}"
	ProjectSection(WebsiteProperties) = preProject
		Debug.AspNetCompiler.VirtualPath = "/Mojhy"
		Debug.AspNetCompiler.PhysicalPath = ".\Mojhy\"
		Debug.AspNetCompiler.TargetPath = "PrecompiledWeb\Mojhy\"
		Debug.AspNetCompiler.Updateable = "true"
		Debug.AspNetCompiler.ForceOverwrite = "true"
		Debug.AspNetCompiler.FixedNames = "false"
		Debug.AspNetCompiler.Debug = "True"
		Release.AspNetCompiler.VirtualPath = "/Mojhy"
		Release.AspNetCompiler.PhysicalPath = ".\Mojhy\"
		Release.AspNetCompiler.TargetPath = "PrecompiledWeb\Mojhy\"
		Release.AspNetCompiler.Updateable = "true"
		Release.AspNetCompiler.ForceOverwrite = "true"
		Release.AspNetCompiler.FixedNames = "false"
		Release.AspNetCompiler.Debug = "False"
		VWDPort = "2625"
		DefaultWebSiteLanguage = "Visual C#"
	EndProjectSection
EndProject
Global
	GlobalSection(SolutionConfigurationPlatforms) = preSolution
		Debug|.NET = Debug|.NET
	EndGlobalSection
	GlobalSection(ProjectConfigurationPlatforms) = postSolution
		{148F3ACD-A860-4F84-8E21-A334F982630B}.Debug|.NET.ActiveCfg = Debug|.NET
		{148F3ACD-A860-4F84-8E21-A334F982630B}.Debug|.NET.Build.0 = Debug|.NET
	EndGlobalSection
	GlobalSection(SolutionProperties) = preSolution
		HideSolutionNode = FALSE
	EndGlobalSection
EndGlobal